
Microsoft Visual Studio Solution File, Format Version 12.00
# Visual Studio Version 17
Project("{8BC9CEB8-8B4A-11D0-8D11-00A0C91BC942}") = "ALL_BUILD", "ALL_BUILD.vcxproj", "{81B3DE98-7534-3434-81DD-86C82B926746}"
	ProjectSection(ProjectDependencies) = postProject
		{EDBF22EE-5A5E-3CF2-A5CC-6102CE7E62FB} = {EDBF22EE-5A5E-3CF2-A5CC-6102CE7E62FB}
		{227BF105-6807-3535-A966-67699D9DAA44} = {227BF105-6807-3535-A966-67699D9DAA44}
		{F9BC8E42-8BBF-3065-980A-5F8585D89061} = {F9BC8E42-8BBF-3065-980A-5F8585D89061}
	EndProjectSection
EndProject
Project("{8BC9CEB8-8B4A-11D0-8D11-00A0C91BC942}") = "SvyazcomLib", "SvyazcomLib.vcxproj", "{EDBF22EE-5A5E-3CF2-A5CC-6102CE7E62FB}"
	ProjectSection(ProjectDependencies) = postProject
		{F9BC8E42-8BBF-3065-980A-5F8585D89061} = {F9BC8E42-8BBF-3065-980A-5F8585D89061}
	EndProjectSection
EndProject
Project("{8BC9CEB8-8B4A-11D0-8D11-00A0C91BC942}") = "SvyazcomProject", "SvyazcomProject.vcxproj", "{227BF105-6807-3535-A966-67699D9DAA44}"
	ProjectSection(ProjectDependencies) = postProject
		{EDBF22EE-5A5E-3CF2-A5CC-6102CE7E62FB} = {EDBF22EE-5A5E-3CF2-A5CC-6102CE7E62FB}
		{F9BC8E42-8BBF-3065-980A-5F8585D89061} = {F9BC8E42-8BBF-3065-980A-5F8585D89061}
	EndProjectSection
EndProject
Project("{8BC9CEB8-8B4A-11D0-8D11-00A0C91BC942}") = "ZERO_CHECK", "ZERO_CHECK.vcxproj", "{F9BC8E42-8BBF-3065-980A-5F8585D89061}"
	ProjectSection(ProjectDependencies) = postProject
	EndProjectSection
EndProject
Global
	GlobalSection(SolutionConfigurationPlatforms) = preSolution
		Debug|x64 = Debug|x64
		Release|x64 = Release|x64
		MinSizeRel|x64 = MinSizeRel|x64
		RelWithDebInfo|x64 = RelWithDebInfo|x64
	EndGlobalSection
	GlobalSection(ProjectConfigurationPlatforms) = postSolution
		{81B3DE98-7534-3434-81DD-86C82B926746}.Debug|x64.ActiveCfg = Debug|x64
		{81B3DE98-7534-3434-81DD-86C82B926746}.Release|x64.ActiveCfg = Release|x64
		{81B3DE98-7534-3434-81DD-86C82B926746}.MinSizeRel|x64.ActiveCfg = MinSizeRel|x64
		{81B3DE98-7534-3434-81DD-86C82B926746}.RelWithDebInfo|x64.ActiveCfg = RelWithDebInfo|x64
		{EDBF22EE-5A5E-3CF2-A5CC-6102CE7E62FB}.Debug|x64.ActiveCfg = Debug|x64
		{EDBF22EE-5A5E-3CF2-A5CC-6102CE7E62FB}.Debug|x64.Build.0 = Debug|x64
		{EDBF22EE-5A5E-3CF2-A5CC-6102CE7E62FB}.Release|x64.ActiveCfg = Release|x64
		{EDBF22EE-5A5E-3CF2-A5CC-6102CE7E62FB}.Release|x64.Build.0 = Release|x64
		{EDBF22EE-5A5E-3CF2-A5CC-6102CE7E62FB}.MinSizeRel|x64.ActiveCfg = MinSizeRel|x64
		{EDBF22EE-5A5E-3CF2-A5CC-6102CE7E62FB}.MinSizeRel|x64.Build.0 = MinSizeRel|x64
		{EDBF22EE-5A5E-3CF2-A5CC-6102CE7E62FB}.RelWithDebInfo|x64.ActiveCfg = RelWithDebInfo|x64
		{EDBF22EE-5A5E-3CF2-A5CC-6102CE7E62FB}.RelWithDebInfo|x64.Build.0 = RelWithDebInfo|x64
		{227BF105-6807-3535-A966-67699D9DAA44}.Debug|x64.ActiveCfg = Debug|x64
		{227BF105-6807-3535-A966-67699D9DAA44}.Debug|x64.Build.0 = Debug|x64
		{227BF105-6807-3535-A966-67699D9DAA44}.Release|x64.ActiveCfg = Release|x64
		{227BF105-6807-3535-A966-67699D9DAA44}.Release|x64.Build.0 = Release|x64
		{227BF105-6807-3535-A966-67699D9DAA44}.MinSizeRel|x64.ActiveCfg = MinSizeRel|x64
		{227BF105-6807-3535-A966-67699D9DAA44}.MinSizeRel|x64.Build.0 = MinSizeRel|x64
		{227BF105-6807-3535-A966-67699D9DAA44}.RelWithDebInfo|x64.ActiveCfg = RelWithDebInfo|x64
		{227BF105-6807-3535-A966-67699D9DAA44}.RelWithDebInfo|x64.Build.0 = RelWithDebInfo|x64
		{F9BC8E42-8BBF-3065-980A-5F8585D89061}.Debug|x64.ActiveCfg = Debug|x64
		{F9BC8E42-8BBF-3065-980A-5F8585D89061}.Debug|x64.Build.0 = Debug|x64
		{F9BC8E42-8BBF-3065-980A-5F8585D89061}.Release|x64.ActiveCfg = Release|x64
		{F9BC8E42-8BBF-3065-980A-5F8585D89061}.Release|x64.Build.0 = Release|x64
		{F9BC8E42-8BBF-3065-980A-5F8585D89061}.MinSizeRel|x64.ActiveCfg = MinSizeRel|x64
		{F9BC8E42-8BBF-3065-980A-5F8585D89061}.MinSizeRel|x64.Build.0 = MinSizeRel|x64
		{F9BC8E42-8BBF-3065-980A-5F8585D89061}.RelWithDebInfo|x64.ActiveCfg = RelWithDebInfo|x64
		{F9BC8E42-8BBF-3065-980A-5F8585D89061}.RelWithDebInfo|x64.Build.0 = RelWithDebInfo|x64
	EndGlobalSection
	GlobalSection(ExtensibilityGlobals) = postSolution
		SolutionGuid = {F8411EB4-A6FD-3810-944A-1DFC39832A81}
	EndGlobalSection
	GlobalSection(ExtensibilityAddIns) = postSolution
	EndGlobalSection
EndGlobal
