
Microsoft Visual Studio Solution File, Format Version 12.00
# Visual Studio Version 17
VisualStudioVersion = 17.8.34322.80
MinimumVisualStudioVersion = 10.0.40219.1
Project("{8BC9CEB8-8B4A-11D0-8D11-00A0C91BC942}") = "svyazcom", "svyazcom\svyazcom.vcxproj", "{04FD2713-2C85-4A89-9FB1-D916F4B60582}"
EndProject
Global
	GlobalSection(SolutionConfigurationPlatforms) = preSolution
		Debug|x64 = Debug|x64
		Debug|x86 = Debug|x86
		Release|x64 = Release|x64
		Release|x86 = Release|x86
	EndGlobalSection
	GlobalSection(ProjectConfigurationPlatforms) = postSolution
		{04FD2713-2C85-4A89-9FB1-D916F4B60582}.Debug|x64.ActiveCfg = Debug|x64
		{04FD2713-2C85-4A89-9FB1-D916F4B60582}.Debug|x64.Build.0 = Debug|x64
		{04FD2713-2C85-4A89-9FB1-D916F4B60582}.Debug|x86.ActiveCfg = Debug|Win32
		{04FD2713-2C85-4A89-9FB1-D916F4B60582}.Debug|x86.Build.0 = Debug|Win32
		{04FD2713-2C85-4A89-9FB1-D916F4B60582}.Release|x64.ActiveCfg = Release|x64
		{04FD2713-2C85-4A89-9FB1-D916F4B60582}.Release|x64.Build.0 = Release|x64
		{04FD2713-2C85-4A89-9FB1-D916F4B60582}.Release|x86.ActiveCfg = Release|Win32
		{04FD2713-2C85-4A89-9FB1-D916F4B60582}.Release|x86.Build.0 = Release|Win32
	EndGlobalSection
	GlobalSection(SolutionProperties) = preSolution
		HideSolutionNode = FALSE
	EndGlobalSection
	GlobalSection(ExtensibilityGlobals) = postSolution
		SolutionGuid = {5E9D1DB4-CBFB-4586-8BA6-7B9C819D28EC}
	EndGlobalSection
EndGlobal
